
Microsoft Visual Studio Solution File, Format Version 12.00
# Visual Studio Version 17
VisualStudioVersion = 17.0.31903.59
MinimumVisualStudioVersion = 10.0.40219.1
Project("{9A19103F-16F7-4668-BE54-9A1E7A4F7556}") = "CRUDWithWebApi", "CRUDWithWebApi\CRUDWithWebApi.csproj", "{1BCB91C1-37E8-4C4C-9C66-28FD77489235}"
EndProject
Project("{9A19103F-16F7-4668-BE54-9A1E7A4F7556}") = "ConsumeWebApiByCoreMVC", "ConsumeWebApiByCoreMVC\ConsumeWebApiByCoreMVC.csproj", "{F5AE43F1-718B-4A2E-8B69-EFE574FFCA88}"
EndProject
Global
	GlobalSection(SolutionConfigurationPlatforms) = preSolution
		Debug|Any CPU = Debug|Any CPU
		Release|Any CPU = Release|Any CPU
	EndGlobalSection
	GlobalSection(ProjectConfigurationPlatforms) = postSolution
		{1BCB91C1-37E8-4C4C-9C66-28FD77489235}.Debug|Any CPU.ActiveCfg = Debug|Any CPU
		{1BCB91C1-37E8-4C4C-9C66-28FD77489235}.Debug|Any CPU.Build.0 = Debug|Any CPU
		{1BCB91C1-37E8-4C4C-9C66-28FD77489235}.Release|Any CPU.ActiveCfg = Release|Any CPU
		{1BCB91C1-37E8-4C4C-9C66-28FD77489235}.Release|Any CPU.Build.0 = Release|Any CPU
		{F5AE43F1-718B-4A2E-8B69-EFE574FFCA88}.Debug|Any CPU.ActiveCfg = Debug|Any CPU
		{F5AE43F1-718B-4A2E-8B69-EFE574FFCA88}.Debug|Any CPU.Build.0 = Debug|Any CPU
		{F5AE43F1-718B-4A2E-8B69-EFE574FFCA88}.Release|Any CPU.ActiveCfg = Release|Any CPU
		{F5AE43F1-718B-4A2E-8B69-EFE574FFCA88}.Release|Any CPU.Build.0 = Release|Any CPU
	EndGlobalSection
	GlobalSection(SolutionProperties) = preSolution
		HideSolutionNode = FALSE
	EndGlobalSection
EndGlobal
